
Microsoft Visual Studio Solution File, Format Version 12.00
# Visual Studio Version 16
VisualStudioVersion = 16.0.29806.167
MinimumVisualStudioVersion = 10.0.40219.1
Project("{9A19103F-16F7-4668-BE54-9A1E7A4F7556}") = "Sample.Api.Products", "Sample.Api.Products\Sample.Api.Products.csproj", "{C960EAA1-03A0-4D68-9F15-081683F445D1}"
EndProject
Project("{9A19103F-16F7-4668-BE54-9A1E7A4F7556}") = "Sample.Api.Images", "Sample.Api.Images\Sample.Api.Images.csproj", "{9711840B-F6E8-47C4-BEE8-37E0EC70F5FA}"
EndProject
Project("{9A19103F-16F7-4668-BE54-9A1E7A4F7556}") = "Sample.Function.Thumbnails", "Sample.Function.Thumbnails\Sample.Function.Thumbnails.csproj", "{269FF04E-9059-493E-9BCE-149752A1B0B6}"
EndProject
Project("{E53339B2-1760-4266-BCC7-CA923CBCF16C}") = "docker-compose", "docker-compose.dcproj", "{254E0B93-5ED3-4F5B-8506-E90E76BC83BD}"
EndProject
Project("{FAE04EC0-301F-11D3-BF4B-00C04F79EFBC}") = "Sample.Api.Persistency.SQL", "..\Sample.Api.Persistency.SQL\Sample.Api.Persistency.SQL.csproj", "{A9971356-F81F-4246-B070-FA60983EC7DE}"
EndProject
Global
	GlobalSection(SolutionConfigurationPlatforms) = preSolution
		Debug|Any CPU = Debug|Any CPU
		Release|Any CPU = Release|Any CPU
	EndGlobalSection
	GlobalSection(ProjectConfigurationPlatforms) = postSolution
		{C960EAA1-03A0-4D68-9F15-081683F445D1}.Debug|Any CPU.ActiveCfg = Debug|Any CPU
		{C960EAA1-03A0-4D68-9F15-081683F445D1}.Debug|Any CPU.Build.0 = Debug|Any CPU
		{C960EAA1-03A0-4D68-9F15-081683F445D1}.Release|Any CPU.ActiveCfg = Release|Any CPU
		{C960EAA1-03A0-4D68-9F15-081683F445D1}.Release|Any CPU.Build.0 = Release|Any CPU
		{9711840B-F6E8-47C4-BEE8-37E0EC70F5FA}.Debug|Any CPU.ActiveCfg = Debug|Any CPU
		{9711840B-F6E8-47C4-BEE8-37E0EC70F5FA}.Debug|Any CPU.Build.0 = Debug|Any CPU
		{9711840B-F6E8-47C4-BEE8-37E0EC70F5FA}.Release|Any CPU.ActiveCfg = Release|Any CPU
		{9711840B-F6E8-47C4-BEE8-37E0EC70F5FA}.Release|Any CPU.Build.0 = Release|Any CPU
		{269FF04E-9059-493E-9BCE-149752A1B0B6}.Debug|Any CPU.ActiveCfg = Debug|Any CPU
		{269FF04E-9059-493E-9BCE-149752A1B0B6}.Debug|Any CPU.Build.0 = Debug|Any CPU
		{269FF04E-9059-493E-9BCE-149752A1B0B6}.Release|Any CPU.ActiveCfg = Release|Any CPU
		{269FF04E-9059-493E-9BCE-149752A1B0B6}.Release|Any CPU.Build.0 = Release|Any CPU
		{254E0B93-5ED3-4F5B-8506-E90E76BC83BD}.Debug|Any CPU.ActiveCfg = Debug|Any CPU
		{254E0B93-5ED3-4F5B-8506-E90E76BC83BD}.Debug|Any CPU.Build.0 = Debug|Any CPU
		{254E0B93-5ED3-4F5B-8506-E90E76BC83BD}.Release|Any CPU.ActiveCfg = Release|Any CPU
		{254E0B93-5ED3-4F5B-8506-E90E76BC83BD}.Release|Any CPU.Build.0 = Release|Any CPU
		{A9971356-F81F-4246-B070-FA60983EC7DE}.Debug|Any CPU.ActiveCfg = Debug|Any CPU
		{A9971356-F81F-4246-B070-FA60983EC7DE}.Debug|Any CPU.Build.0 = Debug|Any CPU
		{A9971356-F81F-4246-B070-FA60983EC7DE}.Release|Any CPU.ActiveCfg = Release|Any CPU
		{A9971356-F81F-4246-B070-FA60983EC7DE}.Release|Any CPU.Build.0 = Release|Any CPU
	EndGlobalSection
	GlobalSection(SolutionProperties) = preSolution
		HideSolutionNode = FALSE
	EndGlobalSection
	GlobalSection(ExtensibilityGlobals) = postSolution
		SolutionGuid = {EB09B223-4812-4CEF-A723-1C24CAD482CF}
	EndGlobalSection
EndGlobal
